{
  "name": "assets",
  "lockfileVersion": 3,
  "requires": true,
  "packages": {
    "": {
      "dependencies": {
        "@atlaskit/pragmatic-drag-and-drop": "^1.1.9",
        "@chrisoakman/chessboard2": "^0.4.0",
        "chess.js": "^1.0.0-beta.6",
        "hotkeys-js": "^3.10.2",
        "html-to-image": "^1.11.11"
      }
    },
    "node_modules/@atlaskit/pragmatic-drag-and-drop": {
      "version": "1.1.9",
      "resolved": "https://registry.npmjs.org/@atlaskit/pragmatic-drag-and-drop/-/pragmatic-drag-and-drop-1.1.9.tgz",
      "integrity": "sha512-HZkT0mStizzneobq7vINEnEsm7DTu70gaEu0HHSNKv6lkX4tI0h1HoAyDUZqH3xFc5nuhvjdFxygZRzMhs5w+g==",
      "dependencies": {
        "@babel/runtime": "^7.0.0",
        "bind-event-listener": "^3.0.0",
        "raf-schd": "^4.0.3"
      }
    },
    "node_modules/@babel/runtime": {
      "version": "7.24.5",
      "resolved": "https://registry.npmjs.org/@babel/runtime/-/runtime-7.24.5.tgz",
      "integrity": "sha512-Nms86NXrsaeU9vbBJKni6gXiEXZ4CVpYVzEjDH9Sb8vmZ3UljyA1GSOJl/6LGPO8EHLuSF9H+IxNXHPX8QHJ4g==",
      "dependencies": {
        "regenerator-runtime": "^0.14.0"
      },
      "engines": {
        "node": ">=6.9.0"
      }
    },
    "node_modules/@chrisoakman/chessboard2": {
      "version": "0.4.0",
      "resolved": "https://registry.npmjs.org/@chrisoakman/chessboard2/-/chessboard2-0.4.0.tgz",
      "integrity": "sha512-kICPnZgrc030+LMYvhytF3A2C5X6RyEOyw4qZAnPJ8mEFXW3TZvufBHL475LS7ABnDME5nIThF3BsqewL2Wb2A=="
    },
    "node_modules/bind-event-listener": {
      "version": "3.0.0",
      "resolved": "https://registry.npmjs.org/bind-event-listener/-/bind-event-listener-3.0.0.tgz",
      "integrity": "sha512-PJvH288AWQhKs2v9zyfYdPzlPqf5bXbGMmhmUIY9x4dAUGIWgomO771oBQNwJnMQSnUIXhKu6sgzpBRXTlvb8Q=="
    },
    "node_modules/chess.js": {
      "version": "1.0.0-beta.6",
      "resolved": "https://registry.npmjs.org/chess.js/-/chess.js-1.0.0-beta.6.tgz",
      "integrity": "sha512-sqBfX1VL3csSyqVM5ogbKA+aRlZyWDh276ruWXphwI0lDUMs7iYjZs29BOi49f7mXeunJE7cdfnIZhihsyLnsA=="
    },
    "node_modules/hotkeys-js": {
      "version": "3.10.2",
      "resolved": "https://registry.npmjs.org/hotkeys-js/-/hotkeys-js-3.10.2.tgz",
      "integrity": "sha512-Z6vLmJTYzkbZZXlBkhrYB962Q/rZGc/WHQiyEGu9ZZVF7bAeFDjjDa31grWREuw9Ygb4zmlov2bTkPYqj0aFnQ=="
    },
    "node_modules/html-to-image": {
      "version": "1.11.11",
      "resolved": "https://registry.npmjs.org/html-to-image/-/html-to-image-1.11.11.tgz",
      "integrity": "sha512-9gux8QhvjRO/erSnDPv28noDZcPZmYE7e1vFsBLKLlRlKDSqNJYebj6Qz1TGd5lsRV+X+xYyjCKjuZdABinWjA=="
    },
    "node_modules/raf-schd": {
      "version": "4.0.3",
      "resolved": "https://registry.npmjs.org/raf-schd/-/raf-schd-4.0.3.tgz",
      "integrity": "sha512-tQkJl2GRWh83ui2DiPTJz9wEiMN20syf+5oKfB03yYP7ioZcJwsIK8FjrtLwH1m7C7e+Tt2yYBlrOpdT+dyeIQ=="
    },
    "node_modules/regenerator-runtime": {
      "version": "0.14.1",
      "resolved": "https://registry.npmjs.org/regenerator-runtime/-/regenerator-runtime-0.14.1.tgz",
      "integrity": "sha512-dYnhHh0nJoMfnkZs6GmmhFknAGRrLznOu5nc9ML+EJxGvrx6H7teuevqVqCuPcPK//3eDrrjQhehXVx9cnkGdw=="
    }
  }
}
